// !$*UTF8*$!
{
	archiveVersion = 1;
	classes = {
	};
	objectVersion = 46;
	objects = {

/* Begin PBXBuildFile section */
		A2860F7F19EC2C5800EE61CF /* CakeTemplate.m in Sources */ = {isa = PBXBuildFile; fileRef = A2860F7E19EC2C5800EE61CF /* CakeTemplate.m */; };
		A2860F8219EC4F1C00EE61CF /* CategoryPie.m in Sources */ = {isa = PBXBuildFile; fileRef = A2860F8119EC4F1C00EE61CF /* CategoryPie.m */; };
		A2860F8519ECB83900EE61CF /* PieView.m in Sources */ = {isa = PBXBuildFile; fileRef = A2860F8419ECB83900EE61CF /* PieView.m */; };
		A2E7F18719E994E100FCE00C /* Foundation.framework in Frameworks */ = {isa = PBXBuildFile; fileRef = A2E7F18619E994E100FCE00C /* Foundation.framework */; };
		A2E7F18919E994E100FCE00C /* CoreGraphics.framework in Frameworks */ = {isa = PBXBuildFile; fileRef = A2E7F18819E994E100FCE00C /* CoreGraphics.framework */; };
		A2E7F18B19E994E100FCE00C /* UIKit.framework in Frameworks */ = {isa = PBXBuildFile; fileRef = A2E7F18A19E994E100FCE00C /* UIKit.framework */; };
		A2E7F19119E994E100FCE00C /* InfoPlist.strings in Resources */ = {isa = PBXBuildFile; fileRef = A2E7F18F19E994E100FCE00C /* InfoPlist.strings */; };
		A2E7F19319E994E100FCE00C /* main.m in Sources */ = {isa = PBXBuildFile; fileRef = A2E7F19219E994E100FCE00C /* main.m */; };
		A2E7F19719E994E100FCE00C /* AppDelegate.m in Sources */ = {isa = PBXBuildFile; fileRef = A2E7F19619E994E100FCE00C /* AppDelegate.m */; };
		A2E7F19A19E994E200FCE00C /* Main.storyboard in Resources */ = {isa = PBXBuildFile; fileRef = A2E7F19819E994E200FCE00C /* Main.storyboard */; };
		A2E7F19D19E994E200FCE00C /* ViewController.m in Sources */ = {isa = PBXBuildFile; fileRef = A2E7F19C19E994E200FCE00C /* ViewController.m */; };
		A2E7F19F19E994E200FCE00C /* Images.xcassets in Resources */ = {isa = PBXBuildFile; fileRef = A2E7F19E19E994E200FCE00C /* Images.xcassets */; };
		A2E7F1A619E994E200FCE00C /* XCTest.framework in Frameworks */ = {isa = PBXBuildFile; fileRef = A2E7F1A519E994E200FCE00C /* XCTest.framework */; };
		A2E7F1A719E994E200FCE00C /* Foundation.framework in Frameworks */ = {isa = PBXBuildFile; fileRef = A2E7F18619E994E100FCE00C /* Foundation.framework */; };
		A2E7F1A819E994E200FCE00C /* UIKit.framework in Frameworks */ = {isa = PBXBuildFile; fileRef = A2E7F18A19E994E100FCE00C /* UIKit.framework */; };
		A2E7F1B019E994E200FCE00C /* InfoPlist.strings in Resources */ = {isa = PBXBuildFile; fileRef = A2E7F1AE19E994E200FCE00C /* InfoPlist.strings */; };
		A2E7F1B219E994E200FCE00C /* CakeTests.m in Sources */ = {isa = PBXBuildFile; fileRef = A2E7F1B119E994E200FCE00C /* CakeTests.m */; };
/* End PBXBuildFile section */

/* Begin PBXContainerItemProxy section */
		A2E7F1A919E994E200FCE00C /* PBXContainerItemProxy */ = {
			isa = PBXContainerItemProxy;
			containerPortal = A2E7F17B19E994E100FCE00C /* Project object */;
			proxyType = 1;
			remoteGlobalIDString = A2E7F18219E994E100FCE00C;
			remoteInfo = Cake;
		};
/* End PBXContainerItemProxy section */

/* Begin PBXFileReference section */
		A2860F7D19EC2C5800EE61CF /* CakeTemplate.h */ = {isa = PBXFileReference; fileEncoding = 4; lastKnownFileType = sourcecode.c.h; path = CakeTemplate.h; sourceTree = "<group>"; };
		A2860F7E19EC2C5800EE61CF /* CakeTemplate.m */ = {isa = PBXFileReference; fileEncoding = 4; lastKnownFileType = sourcecode.c.objc; path = CakeTemplate.m; sourceTree = "<group>"; };
		A2860F8019EC4F1C00EE61CF /* CategoryPie.h */ = {isa = PBXFileReference; fileEncoding = 4; lastKnownFileType = sourcecode.c.h; path = CategoryPie.h; sourceTree = "<group>"; };
		A2860F8119EC4F1C00EE61CF /* CategoryPie.m */ = {isa = PBXFileReference; fileEncoding = 4; lastKnownFileType = sourcecode.c.objc; path = CategoryPie.m; sourceTree = "<group>"; };
		A2860F8319ECB83900EE61CF /* PieView.h */ = {isa = PBXFileReference; fileEncoding = 4; lastKnownFileType = sourcecode.c.h; path = PieView.h; sourceTree = "<group>"; };
		A2860F8419ECB83900EE61CF /* PieView.m */ = {isa = PBXFileReference; fileEncoding = 4; lastKnownFileType = sourcecode.c.objc; path = PieView.m; sourceTree = "<group>"; };
		A2E7F18319E994E100FCE00C /* Cake.app */ = {isa = PBXFileReference; explicitFileType = wrapper.application; includeInIndex = 0; path = Cake.app; sourceTree = BUILT_PRODUCTS_DIR; };
		A2E7F18619E994E100FCE00C /* Foundation.framework */ = {isa = PBXFileReference; lastKnownFileType = wrapper.framework; name = Foundation.framework; path = System/Library/Frameworks/Foundation.framework; sourceTree = SDKROOT; };
		A2E7F18819E994E100FCE00C /* CoreGraphics.framework */ = {isa = PBXFileReference; lastKnownFileType = wrapper.framework; name = CoreGraphics.framework; path = System/Library/Frameworks/CoreGraphics.framework; sourceTree = SDKROOT; };
		A2E7F18A19E994E100FCE00C /* UIKit.framework */ = {isa = PBXFileReference; lastKnownFileType = wrapper.framework; name = UIKit.framework; path = System/Library/Frameworks/UIKit.framework; sourceTree = SDKROOT; };
		A2E7F18E19E994E100FCE00C /* Cake-Info.plist */ = {isa = PBXFileReference; lastKnownFileType = text.plist.xml; path = "Cake-Info.plist"; sourceTree = "<group>"; };
		A2E7F19019E994E100FCE00C /* en */ = {isa = PBXFileReference; lastKnownFileType = text.plist.strings; name = en; path = en.lproj/InfoPlist.strings; sourceTree = "<group>"; };
		A2E7F19219E994E100FCE00C /* main.m */ = {isa = PBXFileReference; lastKnownFileType = sourcecode.c.objc; path = main.m; sourceTree = "<group>"; };
		A2E7F19419E994E100FCE00C /* Cake-Prefix.pch */ = {isa = PBXFileReference; lastKnownFileType = sourcecode.c.h; path = "Cake-Prefix.pch"; sourceTree = "<group>"; };
		A2E7F19519E994E100FCE00C /* AppDelegate.h */ = {isa = PBXFileReference; lastKnownFileType = sourcecode.c.h; path = AppDelegate.h; sourceTree = "<group>"; };
		A2E7F19619E994E100FCE00C /* AppDelegate.m */ = {isa = PBXFileReference; lastKnownFileType = sourcecode.c.objc; path = AppDelegate.m; sourceTree = "<group>"; };
		A2E7F19919E994E200FCE00C /* Base */ = {isa = PBXFileReference; lastKnownFileType = file.storyboard; name = Base; path = Base.lproj/Main.storyboard; sourceTree = "<group>"; };
		A2E7F19B19E994E200FCE00C /* ViewController.h */ = {isa = PBXFileReference; lastKnownFileType = sourcecode.c.h; path = ViewController.h; sourceTree = "<group>"; };
		A2E7F19C19E994E200FCE00C /* ViewController.m */ = {isa = PBXFileReference; lastKnownFileType = sourcecode.c.objc; path = ViewController.m; sourceTree = "<group>"; };
		A2E7F19E19E994E200FCE00C /* Images.xcassets */ = {isa = PBXFileReference; lastKnownFileType = folder.assetcatalog; path = Images.xcassets; sourceTree = "<group>"; };
		A2E7F1A419E994E200FCE00C /* CakeTests.xctest */ = {isa = PBXFileReference; explicitFileType = wrapper.cfbundle; includeInIndex = 0; path = CakeTests.xctest; sourceTree = BUILT_PRODUCTS_DIR; };
		A2E7F1A519E994E200FCE00C /* XCTest.framework */ = {isa = PBXFileReference; lastKnownFileType = wrapper.framework; name = XCTest.framework; path = Library/Frameworks/XCTest.framework; sourceTree = DEVELOPER_DIR; };
		A2E7F1AD19E994E200FCE00C /* CakeTests-Info.plist */ = {isa = PBXFileReference; lastKnownFileType = text.plist.xml; path = "CakeTests-Info.plist"; sourceTree = "<group>"; };
		A2E7F1AF19E994E200FCE00C /* en */ = {isa = PBXFileReference; lastKnownFileType = text.plist.strings; name = en; path = en.lproj/InfoPlist.strings; sourceTree = "<group>"; };
		A2E7F1B119E994E200FCE00C /* CakeTests.m */ = {isa = PBXFileReference; lastKnownFileType = sourcecode.c.objc; path = CakeTests.m; sourceTree = "<group>"; };
/* End PBXFileReference section */

/* Begin PBXFrameworksBuildPhase section */
		A2E7F18019E994E100FCE00C /* Frameworks */ = {
			isa = PBXFrameworksBuildPhase;
			buildActionMask = 2147483647;
			files = (
				A2E7F18919E994E100FCE00C /* CoreGraphics.framework in Frameworks */,
				A2E7F18B19E994E100FCE00C /* UIKit.framework in Frameworks */,
				A2E7F18719E994E100FCE00C /* Foundation.framework in Frameworks */,
			);
			runOnlyForDeploymentPostprocessing = 0;
		};
		A2E7F1A119E994E200FCE00C /* Frameworks */ = {
			isa = PBXFrameworksBuildPhase;
			buildActionMask = 2147483647;
			files = (
				A2E7F1A619E994E200FCE00C /* XCTest.framework in Frameworks */,
				A2E7F1A819E994E200FCE00C /* UIKit.framework in Frameworks */,
				A2E7F1A719E994E200FCE00C /* Foundation.framework in Frameworks */,
			);
			runOnlyForDeploymentPostprocessing = 0;
		};
/* End PBXFrameworksBuildPhase section */

/* Begin PBXGroup section */
		A2E7F17A19E994E100FCE00C = {
			isa = PBXGroup;
			children = (
				A2E7F18C19E994E100FCE00C /* Cake */,
				A2E7F1AB19E994E200FCE00C /* CakeTests */,
				A2E7F18519E994E100FCE00C /* Frameworks */,
				A2E7F18419E994E100FCE00C /* Products */,
			);
			sourceTree = "<group>";
		};
		A2E7F18419E994E100FCE00C /* Products */ = {
			isa = PBXGroup;
			children = (
				A2E7F18319E994E100FCE00C /* Cake.app */,
				A2E7F1A419E994E200FCE00C /* CakeTests.xctest */,
			);
			name = Products;
			sourceTree = "<group>";
		};
		A2E7F18519E994E100FCE00C /* Frameworks */ = {
			isa = PBXGroup;
			children = (
				A2E7F18619E994E100FCE00C /* Foundation.framework */,
				A2E7F18819E994E100FCE00C /* CoreGraphics.framework */,
				A2E7F18A19E994E100FCE00C /* UIKit.framework */,
				A2E7F1A519E994E200FCE00C /* XCTest.framework */,
			);
			name = Frameworks;
			sourceTree = "<group>";
		};
		A2E7F18C19E994E100FCE00C /* Cake */ = {
			isa = PBXGroup;
			children = (
				A2E7F19519E994E100FCE00C /* AppDelegate.h */,
				A2E7F19619E994E100FCE00C /* AppDelegate.m */,
				A2E7F19819E994E200FCE00C /* Main.storyboard */,
				A2E7F19B19E994E200FCE00C /* ViewController.h */,
				A2E7F19C19E994E200FCE00C /* ViewController.m */,
				A2E7F19E19E994E200FCE00C /* Images.xcassets */,
				A2E7F18D19E994E100FCE00C /* Supporting Files */,
				A2860F7D19EC2C5800EE61CF /* CakeTemplate.h */,
				A2860F7E19EC2C5800EE61CF /* CakeTemplate.m */,
				A2860F8019EC4F1C00EE61CF /* CategoryPie.h */,
				A2860F8119EC4F1C00EE61CF /* CategoryPie.m */,
				A2860F8319ECB83900EE61CF /* PieView.h */,
				A2860F8419ECB83900EE61CF /* PieView.m */,
			);
			path = Cake;
			sourceTree = "<group>";
		};
		A2E7F18D19E994E100FCE00C /* Supporting Files */ = {
			isa = PBXGroup;
			children = (
				A2E7F18E19E994E100FCE00C /* Cake-Info.plist */,
				A2E7F18F19E994E100FCE00C /* InfoPlist.strings */,
				A2E7F19219E994E100FCE00C /* main.m */,
				A2E7F19419E994E100FCE00C /* Cake-Prefix.pch */,
			);
			name = "Supporting Files";
			sourceTree = "<group>";
		};
		A2E7F1AB19E994E200FCE00C /* CakeTests */ = {
			isa = PBXGroup;
			children = (
				A2E7F1B119E994E200FCE00C /* CakeTests.m */,
				A2E7F1AC19E994E200FCE00C /* Supporting Files */,
			);
			path = CakeTests;
			sourceTree = "<group>";
		};
		A2E7F1AC19E994E200FCE00C /* Supporting Files */ = {
			isa = PBXGroup;
			children = (
				A2E7F1AD19E994E200FCE00C /* CakeTests-Info.plist */,
				A2E7F1AE19E994E200FCE00C /* InfoPlist.strings */,
			);
			name = "Supporting Files";
			sourceTree = "<group>";
		};
/* End PBXGroup section */

/* Begin PBXNativeTarget section */
		A2E7F18219E994E100FCE00C /* Cake */ = {
			isa = PBXNativeTarget;
			buildConfigurationList = A2E7F1B519E994E200FCE00C /* Build configuration list for PBXNativeTarget "Cake" */;
			buildPhases = (
				A2E7F17F19E994E100FCE00C /* Sources */,
				A2E7F18019E994E100FCE00C /* Frameworks */,
				A2E7F18119E994E100FCE00C /* Resources */,
			);
			buildRules = (
			);
			dependencies = (
			);
			name = Cake;
			productName = Cake;
			productReference = A2E7F18319E994E100FCE00C /* Cake.app */;
			productType = "com.apple.product-type.application";
		};
		A2E7F1A319E994E200FCE00C /* CakeTests */ = {
			isa = PBXNativeTarget;
			buildConfigurationList = A2E7F1B819E994E200FCE00C /* Build configuration list for PBXNativeTarget "CakeTests" */;
			buildPhases = (
				A2E7F1A019E994E200FCE00C /* Sources */,
				A2E7F1A119E994E200FCE00C /* Frameworks */,
				A2E7F1A219E994E200FCE00C /* Resources */,
			);
			buildRules = (
			);
			dependencies = (
				A2E7F1AA19E994E200FCE00C /* PBXTargetDependency */,
			);
			name = CakeTests;
			productName = CakeTests;
			productReference = A2E7F1A419E994E200FCE00C /* CakeTests.xctest */;
			productType = "com.apple.product-type.bundle.unit-test";
		};
/* End PBXNativeTarget section */

/* Begin PBXProject section */
		A2E7F17B19E994E100FCE00C /* Project object */ = {
			isa = PBXProject;
			attributes = {
				LastUpgradeCheck = 0510;
				ORGANIZATIONNAME = jam;
				TargetAttributes = {
					A2E7F1A319E994E200FCE00C = {
						TestTargetID = A2E7F18219E994E100FCE00C;
					};
				};
			};
			buildConfigurationList = A2E7F17E19E994E100FCE00C /* Build configuration list for PBXProject "Cake" */;
			compatibilityVersion = "Xcode 3.2";
			developmentRegion = English;
			hasScannedForEncodings = 0;
			knownRegions = (
				en,
				Base,
			);
			mainGroup = A2E7F17A19E994E100FCE00C;
			productRefGroup = A2E7F18419E994E100FCE00C /* Products */;
			projectDirPath = "";
			projectRoot = "";
			targets = (
				A2E7F18219E994E100FCE00C /* Cake */,
				A2E7F1A319E994E200FCE00C /* CakeTests */,
			);
		};
/* End PBXProject section */

/* Begin PBXResourcesBuildPhase section */
		A2E7F18119E994E100FCE00C /* Resources */ = {
			isa = PBXResourcesBuildPhase;
			buildActionMask = 2147483647;
			files = (
				A2E7F19F19E994E200FCE00C /* Images.xcassets in Resources */,
				A2E7F19119E994E100FCE00C /* InfoPlist.strings in Resources */,
				A2E7F19A19E994E200FCE00C /* Main.storyboard in Resources */,
			);
			runOnlyForDeploymentPostprocessing = 0;
		};
		A2E7F1A219E994E200FCE00C /* Resources */ = {
			isa = PBXResourcesBuildPhase;
			buildActionMask = 2147483647;
			files = (
				A2E7F1B019E994E200FCE00C /* InfoPlist.strings in Resources */,
			);
			runOnlyForDeploymentPostprocessing = 0;
		};
/* End PBXResourcesBuildPhase section */

/* Begin PBXSourcesBuildPhase section */
		A2E7F17F19E994E100FCE00C /* Sources */ = {
			isa = PBXSourcesBuildPhase;
			buildActionMask = 2147483647;
			files = (
				A2E7F19D19E994E200FCE00C /* ViewController.m in Sources */,
				A2860F7F19EC2C5800EE61CF /* CakeTemplate.m in Sources */,
				A2860F8219EC4F1C00EE61CF /* CategoryPie.m in Sources */,
				A2860F8519ECB83900EE61CF /* PieView.m in Sources */,
				A2E7F19719E994E100FCE00C /* AppDelegate.m in Sources */,
				A2E7F19319E994E100FCE00C /* main.m in Sources */,
			);
			runOnlyForDeploymentPostprocessing = 0;
		};
		A2E7F1A019E994E200FCE00C /* Sources */ = {
			isa = PBXSourcesBuildPhase;
			buildActionMask = 2147483647;
			files = (
				A2E7F1B219E994E200FCE00C /* CakeTests.m in Sources */,
			);
			runOnlyForDeploymentPostprocessing = 0;
		};
/* End PBXSourcesBuildPhase section */

/* Begin PBXTargetDependency section */
		A2E7F1AA19E994E200FCE00C /* PBXTargetDependency */ = {
			isa = PBXTargetDependency;
			target = A2E7F18219E994E100FCE00C /* Cake */;
			targetProxy = A2E7F1A919E994E200FCE00C /* PBXContainerItemProxy */;
		};
/* End PBXTargetDependency section */

/* Begin PBXVariantGroup section */
		A2E7F18F19E994E100FCE00C /* InfoPlist.strings */ = {
			isa = PBXVariantGroup;
			children = (
				A2E7F19019E994E100FCE00C /* en */,
			);
			name = InfoPlist.strings;
			sourceTree = "<group>";
		};
		A2E7F19819E994E200FCE00C /* Main.storyboard */ = {
			isa = PBXVariantGroup;
			children = (
				A2E7F19919E994E200FCE00C /* Base */,
			);
			name = Main.storyboard;
			sourceTree = "<group>";
		};
		A2E7F1AE19E994E200FCE00C /* InfoPlist.strings */ = {
			isa = PBXVariantGroup;
			children = (
				A2E7F1AF19E994E200FCE00C /* en */,
			);
			name = InfoPlist.strings;
			sourceTree = "<group>";
		};
/* End PBXVariantGroup section */

/* Begin XCBuildConfiguration section */
		A2E7F1B319E994E200FCE00C /* Debug */ = {
			isa = XCBuildConfiguration;
			buildSettings = {
				ALWAYS_SEARCH_USER_PATHS = NO;
				CLANG_CXX_LANGUAGE_STANDARD = "gnu++0x";
				CLANG_CXX_LIBRARY = "libc++";
				CLANG_ENABLE_MODULES = YES;
				CLANG_ENABLE_OBJC_ARC = YES;
				CLANG_WARN_BOOL_CONVERSION = YES;
				CLANG_WARN_CONSTANT_CONVERSION = YES;
				CLANG_WARN_DIRECT_OBJC_ISA_USAGE = YES_ERROR;
				CLANG_WARN_EMPTY_BODY = YES;
				CLANG_WARN_ENUM_CONVERSION = YES;
				CLANG_WARN_INT_CONVERSION = YES;
				CLANG_WARN_OBJC_ROOT_CLASS = YES_ERROR;
				CLANG_WARN__DUPLICATE_METHOD_MATCH = YES;
				"CODE_SIGN_IDENTITY[sdk=iphoneos*]" = "iPhone Developer";
				COPY_PHASE_STRIP = NO;
				GCC_C_LANGUAGE_STANDARD = gnu99;
				GCC_DYNAMIC_NO_PIC = NO;
				GCC_OPTIMIZATION_LEVEL = 0;
				GCC_PREPROCESSOR_DEFINITIONS = (
					"DEBUG=1",
					"$(inherited)",
				);
				GCC_SYMBOLS_PRIVATE_EXTERN = NO;
				GCC_WARN_64_TO_32_BIT_CONVERSION = YES;
				GCC_WARN_ABOUT_RETURN_TYPE = YES_ERROR;
				GCC_WARN_UNDECLARED_SELECTOR = YES;
				GCC_WARN_UNINITIALIZED_AUTOS = YES_AGGRESSIVE;
				GCC_WARN_UNUSED_FUNCTION = YES;
				GCC_WARN_UNUSED_VARIABLE = YES;
				IPHONEOS_DEPLOYMENT_TARGET = 7.1;
				ONLY_ACTIVE_ARCH = YES;
				SDKROOT = iphoneos;
				TARGETED_DEVICE_FAMILY = 2;
			};
			name = Debug;
		};
		A2E7F1B419E994E200FCE00C /* Release */ = {
			isa = XCBuildConfiguration;
			buildSettings = {
				ALWAYS_SEARCH_USER_PATHS = NO;
				CLANG_CXX_LANGUAGE_STANDARD = "gnu++0x";
				CLANG_CXX_LIBRARY = "libc++";
				CLANG_ENABLE_MODULES = YES;
				CLANG_ENABLE_OBJC_ARC = YES;
				CLANG_WARN_BOOL_CONVERSION = YES;
				CLANG_WARN_CONSTANT_CONVERSION = YES;
				CLANG_WARN_DIRECT_OBJC_ISA_USAGE = YES_ERROR;
				CLANG_WARN_EMPTY_BODY = YES;
				CLANG_WARN_ENUM_CONVERSION = YES;
				CLANG_WARN_INT_CONVERSION = YES;
				CLANG_WARN_OBJC_ROOT_CLASS = YES_ERROR;
				CLANG_WARN__DUPLICATE_METHOD_MATCH = YES;
				"CODE_SIGN_IDENTITY[sdk=iphoneos*]" = "iPhone Developer";
				COPY_PHASE_STRIP = YES;
				ENABLE_NS_ASSERTIONS = NO;
				GCC_C_LANGUAGE_STANDARD = gnu99;
				GCC_WARN_64_TO_32_BIT_CONVERSION = YES;
				GCC_WARN_ABOUT_RETURN_TYPE = YES_ERROR;
				GCC_WARN_UNDECLARED_SELECTOR = YES;
				GCC_WARN_UNINITIALIZED_AUTOS = YES_AGGRESSIVE;
				GCC_WARN_UNUSED_FUNCTION = YES;
				GCC_WARN_UNUSED_VARIABLE = YES;
				IPHONEOS_DEPLOYMENT_TARGET = 7.1;
				SDKROOT = iphoneos;
				TARGETED_DEVICE_FAMILY = 2;
				VALIDATE_PRODUCT = YES;
			};
			name = Release;
		};
		A2E7F1B619E994E200FCE00C /* Debug */ = {
			isa = XCBuildConfiguration;
			buildSettings = {
				ASSETCATALOG_COMPILER_APPICON_NAME = AppIcon;
				ASSETCATALOG_COMPILER_LAUNCHIMAGE_NAME = LaunchImage;
				GCC_PRECOMPILE_PREFIX_HEADER = YES;
				GCC_PREFIX_HEADER = "Cake/Cake-Prefix.pch";
				INFOPLIST_FILE = "Cake/Cake-Info.plist";
				PRODUCT_NAME = "$(TARGET_NAME)";
				WRAPPER_EXTENSION = app;
			};
			name = Debug;
		};
		A2E7F1B719E994E200FCE00C /* Release */ = {
			isa = XCBuildConfiguration;
			buildSettings = {
				ASSETCATALOG_COMPILER_APPICON_NAME = AppIcon;
				ASSETCATALOG_COMPILER_LAUNCHIMAGE_NAME = LaunchImage;
				GCC_PRECOMPILE_PREFIX_HEADER = YES;
				GCC_PREFIX_HEADER = "Cake/Cake-Prefix.pch";
				INFOPLIST_FILE = "Cake/Cake-Info.plist";
				PRODUCT_NAME = "$(TARGET_NAME)";
				WRAPPER_EXTENSION = app;
			};
			name = Release;
		};
		A2E7F1B919E994E200FCE00C /* Debug */ = {
			isa = XCBuildConfiguration;
			buildSettings = {
				BUNDLE_LOADER = "$(BUILT_PRODUCTS_DIR)/Cake.app/Cake";
				FRAMEWORK_SEARCH_PATHS = (
					"$(SDKROOT)/Developer/Library/Frameworks",
					"$(inherited)",
					"$(DEVELOPER_FRAMEWORKS_DIR)",
				);
				GCC_PRECOMPILE_PREFIX_HEADER = YES;
				GCC_PREFIX_HEADER = "Cake/Cake-Prefix.pch";
				GCC_PREPROCESSOR_DEFINITIONS = (
					"DEBUG=1",
					"$(inherited)",
				);
				INFOPLIST_FILE = "CakeTests/CakeTests-Info.plist";
				PRODUCT_NAME = "$(TARGET_NAME)";
				TEST_HOST = "$(BUNDLE_LOADER)";
				WRAPPER_EXTENSION = xctest;
			};
			name = Debug;
		};
		A2E7F1BA19E994E200FCE00C /* Release */ = {
			isa = XCBuildConfiguration;
			buildSettings = {
				BUNDLE_LOADER = "$(BUILT_PRODUCTS_DIR)/Cake.app/Cake";
				FRAMEWORK_SEARCH_PATHS = (
					"$(SDKROOT)/Developer/Library/Frameworks",
					"$(inherited)",
					"$(DEVELOPER_FRAMEWORKS_DIR)",
				);
				GCC_PRECOMPILE_PREFIX_HEADER = YES;
				GCC_PREFIX_HEADER = "Cake/Cake-Prefix.pch";
				INFOPLIST_FILE = "CakeTests/CakeTests-Info.plist";
				PRODUCT_NAME = "$(TARGET_NAME)";
				TEST_HOST = "$(BUNDLE_LOADER)";
				WRAPPER_EXTENSION = xctest;
			};
			name = Release;
		};
/* End XCBuildConfiguration section */

/* Begin XCConfigurationList section */
		A2E7F17E19E994E100FCE00C /* Build configuration list for PBXProject "Cake" */ = {
			isa = XCConfigurationList;
			buildConfigurations = (
				A2E7F1B319E994E200FCE00C /* Debug */,
				A2E7F1B419E994E200FCE00C /* Release */,
			);
			defaultConfigurationIsVisible = 0;
			defaultConfigurationName = Release;
		};
		A2E7F1B519E994E200FCE00C /* Build configuration list for PBXNativeTarget "Cake" */ = {
			isa = XCConfigurationList;
			buildConfigurations = (
				A2E7F1B619E994E200FCE00C /* Debug */,
				A2E7F1B719E994E200FCE00C /* Release */,
			);
			defaultConfigurationIsVisible = 0;
			defaultConfigurationName = Release;
		};
		A2E7F1B819E994E200FCE00C /* Build configuration list for PBXNativeTarget "CakeTests" */ = {
			isa = XCConfigurationList;
			buildConfigurations = (
				A2E7F1B919E994E200FCE00C /* Debug */,
				A2E7F1BA19E994E200FCE00C /* Release */,
			);
			defaultConfigurationIsVisible = 0;
			defaultConfigurationName = Release;
		};
/* End XCConfigurationList section */
	};
	rootObject = A2E7F17B19E994E100FCE00C /* Project object */;
}
